// !$*UTF8*$!
{
	archiveVersion = 1;
	classes = {
	};
	objectVersion = 50;
	objects = {

/* Begin PBXBuildFile section */
		BA685CFB2357C67700DF0AA8 /* DailyWordViewController.swift in Sources */ = {isa = PBXBuildFile; fileRef = BA685CFA2357C67700DF0AA8 /* DailyWordViewController.swift */; };
		BA685CFE23580E1E00DF0AA8 /* RandomWord.swift in Sources */ = {isa = PBXBuildFile; fileRef = BA685CFD23580E1E00DF0AA8 /* RandomWord.swift */; };
		BA685D0023580F0A00DF0AA8 /* WordOfTheDay.swift in Sources */ = {isa = PBXBuildFile; fileRef = BA685CFF23580F0A00DF0AA8 /* WordOfTheDay.swift */; };
		BA685D0223580FF300DF0AA8 /* Search.swift in Sources */ = {isa = PBXBuildFile; fileRef = BA685D0123580FF300DF0AA8 /* Search.swift */; };
		BA685D04235CC64400DF0AA8 /* SavedWordsListsViewController.swift in Sources */ = {isa = PBXBuildFile; fileRef = BA685D03235CC64400DF0AA8 /* SavedWordsListsViewController.swift */; };
		BA685D06235CD17800DF0AA8 /* SavedWordsViewController.swift in Sources */ = {isa = PBXBuildFile; fileRef = BA685D05235CD17800DF0AA8 /* SavedWordsViewController.swift */; };
		BA685D0A235EA57B00DF0AA8 /* SavedWordsTableViewCell.swift in Sources */ = {isa = PBXBuildFile; fileRef = BA685D09235EA57B00DF0AA8 /* SavedWordsTableViewCell.swift */; };
		BA685D0D235FD85800DF0AA8 /* WordNerd.xcdatamodeld in Sources */ = {isa = PBXBuildFile; fileRef = BA685D0B235FD85800DF0AA8 /* WordNerd.xcdatamodeld */; };
		BA685D10235FDAC800DF0AA8 /* DataController.swift in Sources */ = {isa = PBXBuildFile; fileRef = BA685D0F235FDAC800DF0AA8 /* DataController.swift */; };
		BA685D1223624DA300DF0AA8 /* SearchViewController.swift in Sources */ = {isa = PBXBuildFile; fileRef = BA685D1123624DA300DF0AA8 /* SearchViewController.swift */; };
		BAF3D2652356BC85008B6187 /* AppDelegate.swift in Sources */ = {isa = PBXBuildFile; fileRef = BAF3D2642356BC85008B6187 /* AppDelegate.swift */; };
		BAF3D26A2356BC85008B6187 /* Main.storyboard in Resources */ = {isa = PBXBuildFile; fileRef = BAF3D2682356BC85008B6187 /* Main.storyboard */; };
		BAF3D26C2356BC89008B6187 /* Assets.xcassets in Resources */ = {isa = PBXBuildFile; fileRef = BAF3D26B2356BC89008B6187 /* Assets.xcassets */; };
		BAF3D26F2356BC89008B6187 /* LaunchScreen.storyboard in Resources */ = {isa = PBXBuildFile; fileRef = BAF3D26D2356BC89008B6187 /* LaunchScreen.storyboard */; };
		BAF3D2812357C0D4008B6187 /* WordnikClient.swift in Sources */ = {isa = PBXBuildFile; fileRef = BAF3D2802357C0D4008B6187 /* WordnikClient.swift */; };
/* End PBXBuildFile section */

/* Begin PBXFileReference section */
		BA685CFA2357C67700DF0AA8 /* DailyWordViewController.swift */ = {isa = PBXFileReference; lastKnownFileType = sourcecode.swift; path = DailyWordViewController.swift; sourceTree = "<group>"; };
		BA685CFD23580E1E00DF0AA8 /* RandomWord.swift */ = {isa = PBXFileReference; lastKnownFileType = sourcecode.swift; path = RandomWord.swift; sourceTree = "<group>"; };
		BA685CFF23580F0A00DF0AA8 /* WordOfTheDay.swift */ = {isa = PBXFileReference; lastKnownFileType = sourcecode.swift; path = WordOfTheDay.swift; sourceTree = "<group>"; };
		BA685D0123580FF300DF0AA8 /* Search.swift */ = {isa = PBXFileReference; lastKnownFileType = sourcecode.swift; path = Search.swift; sourceTree = "<group>"; };
		BA685D03235CC64400DF0AA8 /* SavedWordsListsViewController.swift */ = {isa = PBXFileReference; lastKnownFileType = sourcecode.swift; path = SavedWordsListsViewController.swift; sourceTree = "<group>"; };
		BA685D05235CD17800DF0AA8 /* SavedWordsViewController.swift */ = {isa = PBXFileReference; lastKnownFileType = sourcecode.swift; path = SavedWordsViewController.swift; sourceTree = "<group>"; };
		BA685D09235EA57B00DF0AA8 /* SavedWordsTableViewCell.swift */ = {isa = PBXFileReference; lastKnownFileType = sourcecode.swift; path = SavedWordsTableViewCell.swift; sourceTree = "<group>"; };
		BA685D0C235FD85800DF0AA8 /* WordNerd.xcdatamodel */ = {isa = PBXFileReference; lastKnownFileType = wrapper.xcdatamodel; path = WordNerd.xcdatamodel; sourceTree = "<group>"; };
		BA685D0F235FDAC800DF0AA8 /* DataController.swift */ = {isa = PBXFileReference; lastKnownFileType = sourcecode.swift; path = DataController.swift; sourceTree = "<group>"; };
		BA685D1123624DA300DF0AA8 /* SearchViewController.swift */ = {isa = PBXFileReference; lastKnownFileType = sourcecode.swift; path = SearchViewController.swift; sourceTree = "<group>"; };
		BAF3D2612356BC85008B6187 /* Word Nerd.app */ = {isa = PBXFileReference; explicitFileType = wrapper.application; includeInIndex = 0; path = "Word Nerd.app"; sourceTree = BUILT_PRODUCTS_DIR; };
		BAF3D2642356BC85008B6187 /* AppDelegate.swift */ = {isa = PBXFileReference; lastKnownFileType = sourcecode.swift; path = AppDelegate.swift; sourceTree = "<group>"; };
		BAF3D2692356BC85008B6187 /* Base */ = {isa = PBXFileReference; lastKnownFileType = file.storyboard; name = Base; path = Base.lproj/Main.storyboard; sourceTree = "<group>"; };
		BAF3D26B2356BC89008B6187 /* Assets.xcassets */ = {isa = PBXFileReference; lastKnownFileType = folder.assetcatalog; path = Assets.xcassets; sourceTree = "<group>"; };
		BAF3D26E2356BC89008B6187 /* Base */ = {isa = PBXFileReference; lastKnownFileType = file.storyboard; name = Base; path = Base.lproj/LaunchScreen.storyboard; sourceTree = "<group>"; };
		BAF3D2702356BC89008B6187 /* Info.plist */ = {isa = PBXFileReference; lastKnownFileType = text.plist.xml; path = Info.plist; sourceTree = "<group>"; };
		BAF3D2802357C0D4008B6187 /* WordnikClient.swift */ = {isa = PBXFileReference; lastKnownFileType = sourcecode.swift; path = WordnikClient.swift; sourceTree = "<group>"; };
/* End PBXFileReference section */

/* Begin PBXFrameworksBuildPhase section */
		BAF3D25E2356BC85008B6187 /* Frameworks */ = {
			isa = PBXFrameworksBuildPhase;
			buildActionMask = 2147483647;
			files = (
			);
			runOnlyForDeploymentPostprocessing = 0;
		};
/* End PBXFrameworksBuildPhase section */

/* Begin PBXGroup section */
		BA685CFC23580E0500DF0AA8 /* Responses */ = {
			isa = PBXGroup;
			children = (
				BA685CFD23580E1E00DF0AA8 /* RandomWord.swift */,
				BA685CFF23580F0A00DF0AA8 /* WordOfTheDay.swift */,
				BA685D0123580FF300DF0AA8 /* Search.swift */,
			);
			path = Responses;
			sourceTree = "<group>";
		};
		BA685D0E235FDA8E00DF0AA8 /* Data Model */ = {
			isa = PBXGroup;
			children = (
				BA685D0B235FD85800DF0AA8 /* WordNerd.xcdatamodeld */,
				BA685D0F235FDAC800DF0AA8 /* DataController.swift */,
			);
			path = "Data Model";
			sourceTree = "<group>";
		};
		BAF3D2582356BC85008B6187 = {
			isa = PBXGroup;
			children = (
				BAF3D2642356BC85008B6187 /* AppDelegate.swift */,
				BAF3D2632356BC85008B6187 /* Word Nerd */,
				BAF3D2622356BC85008B6187 /* Products */,
			);
			sourceTree = "<group>";
		};
		BAF3D2622356BC85008B6187 /* Products */ = {
			isa = PBXGroup;
			children = (
				BAF3D2612356BC85008B6187 /* Word Nerd.app */,
			);
			name = Products;
			sourceTree = "<group>";
		};
		BAF3D2632356BC85008B6187 /* Word Nerd */ = {
			isa = PBXGroup;
			children = (
				BAF3D27C2356BD2B008B6187 /* Model */,
				BAF3D27B2356BD25008B6187 /* Controllers */,
				BAF3D27A2356BD1D008B6187 /* Views */,
				BAF3D2792356BD16008B6187 /* Assets */,
				BAF3D2782356BD0C008B6187 /* Storyboards */,
				BAF3D2702356BC89008B6187 /* Info.plist */,
			);
			path = "Word Nerd";
			sourceTree = "<group>";
		};
		BAF3D2782356BD0C008B6187 /* Storyboards */ = {
			isa = PBXGroup;
			children = (
				BAF3D26D2356BC89008B6187 /* LaunchScreen.storyboard */,
				BAF3D2682356BC85008B6187 /* Main.storyboard */,
			);
			path = Storyboards;
			sourceTree = "<group>";
		};
		BAF3D2792356BD16008B6187 /* Assets */ = {
			isa = PBXGroup;
			children = (
				BAF3D26B2356BC89008B6187 /* Assets.xcassets */,
			);
			path = Assets;
			sourceTree = "<group>";
		};
		BAF3D27A2356BD1D008B6187 /* Views */ = {
			isa = PBXGroup;
			children = (
				BA685D09235EA57B00DF0AA8 /* SavedWordsTableViewCell.swift */,
			);
			path = Views;
			sourceTree = "<group>";
		};
		BAF3D27B2356BD25008B6187 /* Controllers */ = {
			isa = PBXGroup;
			children = (
				BA685CFA2357C67700DF0AA8 /* DailyWordViewController.swift */,
				BA685D03235CC64400DF0AA8 /* SavedWordsListsViewController.swift */,
				BA685D05235CD17800DF0AA8 /* SavedWordsViewController.swift */,
				BA685D1123624DA300DF0AA8 /* SearchViewController.swift */,
			);
			path = Controllers;
			sourceTree = "<group>";
		};
		BAF3D27C2356BD2B008B6187 /* Model */ = {
			isa = PBXGroup;
			children = (
				BA685D0E235FDA8E00DF0AA8 /* Data Model */,
				BAF3D27F2357C0BB008B6187 /* Wordnik Client */,
				BA685CFC23580E0500DF0AA8 /* Responses */,
			);
			path = Model;
			sourceTree = "<group>";
		};
		BAF3D27F2357C0BB008B6187 /* Wordnik Client */ = {
			isa = PBXGroup;
			children = (
				BAF3D2802357C0D4008B6187 /* WordnikClient.swift */,
			);
			path = "Wordnik Client";
			sourceTree = "<group>";
		};
/* End PBXGroup section */

/* Begin PBXNativeTarget section */
		BAF3D2602356BC85008B6187 /* Word Nerd */ = {
			isa = PBXNativeTarget;
			buildConfigurationList = BAF3D2732356BC89008B6187 /* Build configuration list for PBXNativeTarget "Word Nerd" */;
			buildPhases = (
				BAF3D25D2356BC85008B6187 /* Sources */,
				BAF3D25E2356BC85008B6187 /* Frameworks */,
				BAF3D25F2356BC85008B6187 /* Resources */,
			);
			buildRules = (
			);
			dependencies = (
			);
			name = "Word Nerd";
			productName = "Word Nerd";
			productReference = BAF3D2612356BC85008B6187 /* Word Nerd.app */;
			productType = "com.apple.product-type.application";
		};
/* End PBXNativeTarget section */

/* Begin PBXProject section */
		BAF3D2592356BC85008B6187 /* Project object */ = {
			isa = PBXProject;
			attributes = {
				LastSwiftUpdateCheck = 1020;
				LastUpgradeCheck = 1020;
				ORGANIZATIONNAME = "Mahreen Azam";
				TargetAttributes = {
					BAF3D2602356BC85008B6187 = {
						CreatedOnToolsVersion = 10.2.1;
					};
				};
			};
			buildConfigurationList = BAF3D25C2356BC85008B6187 /* Build configuration list for PBXProject "Word Nerd" */;
			compatibilityVersion = "Xcode 9.3";
			developmentRegion = en;
			hasScannedForEncodings = 0;
			knownRegions = (
				en,
				Base,
			);
			mainGroup = BAF3D2582356BC85008B6187;
			productRefGroup = BAF3D2622356BC85008B6187 /* Products */;
			projectDirPath = "";
			projectRoot = "";
			targets = (
				BAF3D2602356BC85008B6187 /* Word Nerd */,
			);
		};
/* End PBXProject section */

/* Begin PBXResourcesBuildPhase section */
		BAF3D25F2356BC85008B6187 /* Resources */ = {
			isa = PBXResourcesBuildPhase;
			buildActionMask = 2147483647;
			files = (
				BAF3D26F2356BC89008B6187 /* LaunchScreen.storyboard in Resources */,
				BAF3D26C2356BC89008B6187 /* Assets.xcassets in Resources */,
				BAF3D26A2356BC85008B6187 /* Main.storyboard in Resources */,
			);
			runOnlyForDeploymentPostprocessing = 0;
		};
/* End PBXResourcesBuildPhase section */

/* Begin PBXSourcesBuildPhase section */
		BAF3D25D2356BC85008B6187 /* Sources */ = {
			isa = PBXSourcesBuildPhase;
			buildActionMask = 2147483647;
			files = (
				BAF3D2812357C0D4008B6187 /* WordnikClient.swift in Sources */,
				BA685D0A235EA57B00DF0AA8 /* SavedWordsTableViewCell.swift in Sources */,
				BA685D0D235FD85800DF0AA8 /* WordNerd.xcdatamodeld in Sources */,
				BA685D0023580F0A00DF0AA8 /* WordOfTheDay.swift in Sources */,
				BA685D06235CD17800DF0AA8 /* SavedWordsViewController.swift in Sources */,
				BA685D10235FDAC800DF0AA8 /* DataController.swift in Sources */,
				BA685D1223624DA300DF0AA8 /* SearchViewController.swift in Sources */,
				BA685CFE23580E1E00DF0AA8 /* RandomWord.swift in Sources */,
				BA685D0223580FF300DF0AA8 /* Search.swift in Sources */,
				BA685CFB2357C67700DF0AA8 /* DailyWordViewController.swift in Sources */,
				BAF3D2652356BC85008B6187 /* AppDelegate.swift in Sources */,
				BA685D04235CC64400DF0AA8 /* SavedWordsListsViewController.swift in Sources */,
			);
			runOnlyForDeploymentPostprocessing = 0;
		};
/* End PBXSourcesBuildPhase section */

/* Begin PBXVariantGroup section */
		BAF3D2682356BC85008B6187 /* Main.storyboard */ = {
			isa = PBXVariantGroup;
			children = (
				BAF3D2692356BC85008B6187 /* Base */,
			);
			name = Main.storyboard;
			sourceTree = "<group>";
		};
		BAF3D26D2356BC89008B6187 /* LaunchScreen.storyboard */ = {
			isa = PBXVariantGroup;
			children = (
				BAF3D26E2356BC89008B6187 /* Base */,
			);
			name = LaunchScreen.storyboard;
			sourceTree = "<group>";
		};
/* End PBXVariantGroup section */

/* Begin XCBuildConfiguration section */
		BAF3D2712356BC89008B6187 /* Debug */ = {
			isa = XCBuildConfiguration;
			buildSettings = {
				ALWAYS_SEARCH_USER_PATHS = NO;
				CLANG_ANALYZER_NONNULL = YES;
				CLANG_ANALYZER_NUMBER_OBJECT_CONVERSION = YES_AGGRESSIVE;
				CLANG_CXX_LANGUAGE_STANDARD = "gnu++14";
				CLANG_CXX_LIBRARY = "libc++";
				CLANG_ENABLE_MODULES = YES;
				CLANG_ENABLE_OBJC_ARC = YES;
				CLANG_ENABLE_OBJC_WEAK = YES;
				CLANG_WARN_BLOCK_CAPTURE_AUTORELEASING = YES;
				CLANG_WARN_BOOL_CONVERSION = YES;
				CLANG_WARN_COMMA = YES;
				CLANG_WARN_CONSTANT_CONVERSION = YES;
				CLANG_WARN_DEPRECATED_OBJC_IMPLEMENTATIONS = YES;
				CLANG_WARN_DIRECT_OBJC_ISA_USAGE = YES_ERROR;
				CLANG_WARN_DOCUMENTATION_COMMENTS = YES;
				CLANG_WARN_EMPTY_BODY = YES;
				CLANG_WARN_ENUM_CONVERSION = YES;
				CLANG_WARN_INFINITE_RECURSION = YES;
				CLANG_WARN_INT_CONVERSION = YES;
				CLANG_WARN_NON_LITERAL_NULL_CONVERSION = YES;
				CLANG_WARN_OBJC_IMPLICIT_RETAIN_SELF = YES;
				CLANG_WARN_OBJC_LITERAL_CONVERSION = YES;
				CLANG_WARN_OBJC_ROOT_CLASS = YES_ERROR;
				CLANG_WARN_RANGE_LOOP_ANALYSIS = YES;
				CLANG_WARN_STRICT_PROTOTYPES = YES;
				CLANG_WARN_SUSPICIOUS_MOVE = YES;
				CLANG_WARN_UNGUARDED_AVAILABILITY = YES_AGGRESSIVE;
				CLANG_WARN_UNREACHABLE_CODE = YES;
				CLANG_WARN__DUPLICATE_METHOD_MATCH = YES;
				CODE_SIGN_IDENTITY = "iPhone Developer";
				COPY_PHASE_STRIP = NO;
				DEBUG_INFORMATION_FORMAT = dwarf;
				ENABLE_STRICT_OBJC_MSGSEND = YES;
				ENABLE_TESTABILITY = YES;
				GCC_C_LANGUAGE_STANDARD = gnu11;
				GCC_DYNAMIC_NO_PIC = NO;
				GCC_NO_COMMON_BLOCKS = YES;
				GCC_OPTIMIZATION_LEVEL = 0;
				GCC_PREPROCESSOR_DEFINITIONS = (
					"DEBUG=1",
					"$(inherited)",
				);
				GCC_WARN_64_TO_32_BIT_CONVERSION = YES;
				GCC_WARN_ABOUT_RETURN_TYPE = YES_ERROR;
				GCC_WARN_UNDECLARED_SELECTOR = YES;
				GCC_WARN_UNINITIALIZED_AUTOS = YES_AGGRESSIVE;
				GCC_WARN_UNUSED_FUNCTION = YES;
				GCC_WARN_UNUSED_VARIABLE = YES;
				IPHONEOS_DEPLOYMENT_TARGET = 12.2;
				MTL_ENABLE_DEBUG_INFO = INCLUDE_SOURCE;
				MTL_FAST_MATH = YES;
				ONLY_ACTIVE_ARCH = YES;
				SDKROOT = iphoneos;
				SWIFT_ACTIVE_COMPILATION_CONDITIONS = DEBUG;
				SWIFT_OPTIMIZATION_LEVEL = "-Onone";
			};
			name = Debug;
		};
		BAF3D2722356BC89008B6187 /* Release */ = {
			isa = XCBuildConfiguration;
			buildSettings = {
				ALWAYS_SEARCH_USER_PATHS = NO;
				CLANG_ANALYZER_NONNULL = YES;
				CLANG_ANALYZER_NUMBER_OBJECT_CONVERSION = YES_AGGRESSIVE;
				CLANG_CXX_LANGUAGE_STANDARD = "gnu++14";
				CLANG_CXX_LIBRARY = "libc++";
				CLANG_ENABLE_MODULES = YES;
				CLANG_ENABLE_OBJC_ARC = YES;
				CLANG_ENABLE_OBJC_WEAK = YES;
				CLANG_WARN_BLOCK_CAPTURE_AUTORELEASING = YES;
				CLANG_WARN_BOOL_CONVERSION = YES;
				CLANG_WARN_COMMA = YES;
				CLANG_WARN_CONSTANT_CONVERSION = YES;
				CLANG_WARN_DEPRECATED_OBJC_IMPLEMENTATIONS = YES;
				CLANG_WARN_DIRECT_OBJC_ISA_USAGE = YES_ERROR;
				CLANG_WARN_DOCUMENTATION_COMMENTS = YES;
				CLANG_WARN_EMPTY_BODY = YES;
				CLANG_WARN_ENUM_CONVERSION = YES;
				CLANG_WARN_INFINITE_RECURSION = YES;
				CLANG_WARN_INT_CONVERSION = YES;
				CLANG_WARN_NON_LITERAL_NULL_CONVERSION = YES;
				CLANG_WARN_OBJC_IMPLICIT_RETAIN_SELF = YES;
				CLANG_WARN_OBJC_LITERAL_CONVERSION = YES;
				CLANG_WARN_OBJC_ROOT_CLASS = YES_ERROR;
				CLANG_WARN_RANGE_LOOP_ANALYSIS = YES;
				CLANG_WARN_STRICT_PROTOTYPES = YES;
				CLANG_WARN_SUSPICIOUS_MOVE = YES;
				CLANG_WARN_UNGUARDED_AVAILABILITY = YES_AGGRESSIVE;
				CLANG_WARN_UNREACHABLE_CODE = YES;
				CLANG_WARN__DUPLICATE_METHOD_MATCH = YES;
				CODE_SIGN_IDENTITY = "iPhone Developer";
				COPY_PHASE_STRIP = NO;
				DEBUG_INFORMATION_FORMAT = "dwarf-with-dsym";
				ENABLE_NS_ASSERTIONS = NO;
				ENABLE_STRICT_OBJC_MSGSEND = YES;
				GCC_C_LANGUAGE_STANDARD = gnu11;
				GCC_NO_COMMON_BLOCKS = YES;
				GCC_WARN_64_TO_32_BIT_CONVERSION = YES;
				GCC_WARN_ABOUT_RETURN_TYPE = YES_ERROR;
				GCC_WARN_UNDECLARED_SELECTOR = YES;
				GCC_WARN_UNINITIALIZED_AUTOS = YES_AGGRESSIVE;
				GCC_WARN_UNUSED_FUNCTION = YES;
				GCC_WARN_UNUSED_VARIABLE = YES;
				IPHONEOS_DEPLOYMENT_TARGET = 12.2;
				MTL_ENABLE_DEBUG_INFO = NO;
				MTL_FAST_MATH = YES;
				SDKROOT = iphoneos;
				SWIFT_COMPILATION_MODE = wholemodule;
				SWIFT_OPTIMIZATION_LEVEL = "-O";
				VALIDATE_PRODUCT = YES;
			};
			name = Release;
		};
		BAF3D2742356BC89008B6187 /* Debug */ = {
			isa = XCBuildConfiguration;
			buildSettings = {
				ASSETCATALOG_COMPILER_APPICON_NAME = AppIcon;
				CODE_SIGN_STYLE = Automatic;
				INFOPLIST_FILE = "Word Nerd/Info.plist";
				LD_RUNPATH_SEARCH_PATHS = (
					"$(inherited)",
					"@executable_path/Frameworks",
				);
				PRODUCT_BUNDLE_IDENTIFIER = "Udacity.Word-Nerd";
				PRODUCT_NAME = "$(TARGET_NAME)";
				SWIFT_VERSION = 5.0;
				TARGETED_DEVICE_FAMILY = "1,2";
			};
			name = Debug;
		};
		BAF3D2752356BC89008B6187 /* Release */ = {
			isa = XCBuildConfiguration;
			buildSettings = {
				ASSETCATALOG_COMPILER_APPICON_NAME = AppIcon;
				CODE_SIGN_STYLE = Automatic;
				INFOPLIST_FILE = "Word Nerd/Info.plist";
				LD_RUNPATH_SEARCH_PATHS = (
					"$(inherited)",
					"@executable_path/Frameworks",
				);
				PRODUCT_BUNDLE_IDENTIFIER = "Udacity.Word-Nerd";
				PRODUCT_NAME = "$(TARGET_NAME)";
				SWIFT_VERSION = 5.0;
				TARGETED_DEVICE_FAMILY = "1,2";
			};
			name = Release;
		};
/* End XCBuildConfiguration section */

/* Begin XCConfigurationList section */
		BAF3D25C2356BC85008B6187 /* Build configuration list for PBXProject "Word Nerd" */ = {
			isa = XCConfigurationList;
			buildConfigurations = (
				BAF3D2712356BC89008B6187 /* Debug */,
				BAF3D2722356BC89008B6187 /* Release */,
			);
			defaultConfigurationIsVisible = 0;
			defaultConfigurationName = Release;
		};
		BAF3D2732356BC89008B6187 /* Build configuration list for PBXNativeTarget "Word Nerd" */ = {
			isa = XCConfigurationList;
			buildConfigurations = (
				BAF3D2742356BC89008B6187 /* Debug */,
				BAF3D2752356BC89008B6187 /* Release */,
			);
			defaultConfigurationIsVisible = 0;
			defaultConfigurationName = Release;
		};
/* End XCConfigurationList section */

/* Begin XCVersionGroup section */
		BA685D0B235FD85800DF0AA8 /* WordNerd.xcdatamodeld */ = {
			isa = XCVersionGroup;
			children = (
				BA685D0C235FD85800DF0AA8 /* WordNerd.xcdatamodel */,
			);
			currentVersion = BA685D0C235FD85800DF0AA8 /* WordNerd.xcdatamodel */;
			path = WordNerd.xcdatamodeld;
			sourceTree = "<group>";
			versionGroupType = wrapper.xcdatamodel;
		};
/* End XCVersionGroup section */
	};
	rootObject = BAF3D2592356BC85008B6187 /* Project object */;
}
